# This file is automatically @generated by Cargo.
# It is not intended for manual editing.
version = 3

[[package]]
name = "addr2line"
version = "0.19.0"
source = "registry+https://github.com/rust-lang/crates.io-index"
checksum = "a76fd60b23679b7d19bd066031410fb7e458ccc5e958eb5c325888ce4baedc97"
dependencies = [
 "gimli",
]

[[package]]
name = "ahash"
version = "0.8.11"
source = "registry+https://github.com/rust-lang/crates.io-index"
checksum = "e89da841a80418a9b391ebaea17f5c112ffaaa96f621d2c285b5174da76b9011"
dependencies = [
 "cfg-if",
 "once_cell",
 "version_check",
 "zerocopy",
]

[[package]]
name = "anyhow"
version = "1.0.89"
source = "registry+https://github.com/rust-lang/crates.io-index"
checksum = "86fdf8605db99b54d3cd748a44c6d04df638eb5dafb219b135d0149bd0db01f6"

[[package]]
name = "autocfg"
version = "1.4.0"
source = "registry+https://github.com/rust-lang/crates.io-index"
checksum = "ace50bade8e6234aa140d9a2f552bbee1db4d353f69b8217bc503490fc1a9f26"

[[package]]
name = "bincode"
version = "1.3.3"
source = "registry+https://github.com/rust-lang/crates.io-index"
checksum = "b1f45e9417d87227c7a56d22e471c6206462cba514c7590c09aff4cf6d1ddcad"
dependencies = [
 "serde",
]

[[package]]
name = "bitflags"
version = "1.3.2"
source = "registry+https://github.com/rust-lang/crates.io-index"
checksum = "bef38d45163c2f1dde094a7dfd33ccf595c92905c8f8f4fdc18d06fb1037718a"

[[package]]
name = "bitflags"
version = "2.6.0"
source = "registry+https://github.com/rust-lang/crates.io-index"
checksum = "b048fb63fd8b5923fc5aa7b340d8e156aec7ec02f0c78fa8a6ddc2613f6f71de"

[[package]]
name = "bumpalo"
version = "3.16.0"
source = "registry+https://github.com/rust-lang/crates.io-index"
checksum = "79296716171880943b8470b5f8d03aa55eb2e645a4874bdbb28adb49162e012c"

[[package]]
name = "byteorder"
version = "1.5.0"
source = "registry+https://github.com/rust-lang/crates.io-index"
checksum = "1fd0f2584146f6f2ef48085050886acf353beff7305ebd1ae69500e27c67f64b"

[[package]]
name = "cc"
version = "1.1.28"
source = "registry+https://github.com/rust-lang/crates.io-index"
checksum = "2e80e3b6a3ab07840e1cae9b0666a63970dc28e8ed5ffbcdacbfc760c281bfc1"
dependencies = [
 "shlex",
]

[[package]]
name = "cfg-if"
version = "1.0.0"
source = "registry+https://github.com/rust-lang/crates.io-index"
checksum = "baf1de4339761588bc0619e3cbc0120ee582ebb74b53b4efbf79117bd2da40fd"

[[package]]
name = "cpp_demangle"
version = "0.3.5"
source = "registry+https://github.com/rust-lang/crates.io-index"
checksum = "eeaa953eaad386a53111e47172c2fedba671e5684c8dd601a5f474f4f118710f"
dependencies = [
 "cfg-if",
]

[[package]]
name = "cranelift-bforest"
version = "0.95.1"
source = "registry+https://github.com/rust-lang/crates.io-index"
checksum = "1277fbfa94bc82c8ec4af2ded3e639d49ca5f7f3c7eeab2c66accd135ece4e70"
dependencies = [
 "cranelift-entity",
]

[[package]]
name = "cranelift-codegen"
version = "0.95.1"
source = "registry+https://github.com/rust-lang/crates.io-index"
checksum = "c6e8c31ad3b2270e9aeec38723888fe1b0ace3bea2b06b3f749ccf46661d3220"
dependencies = [
 "bumpalo",
 "cranelift-bforest",
 "cranelift-codegen-meta",
 "cranelift-codegen-shared",
 "cranelift-entity",
 "cranelift-isle",
 "gimli",
 "hashbrown 0.13.2",
 "log",
 "regalloc2",
 "smallvec",
 "target-lexicon",
]

[[package]]
name = "cranelift-codegen-meta"
version = "0.95.1"
source = "registry+https://github.com/rust-lang/crates.io-index"
checksum = "c8ac5ac30d62b2d66f12651f6b606dbdfd9c2cfd0908de6b387560a277c5c9da"
dependencies = [
 "cranelift-codegen-shared",
]

[[package]]
name = "cranelift-codegen-shared"
version = "0.95.1"
source = "registry+https://github.com/rust-lang/crates.io-index"
checksum = "dd82b8b376247834b59ed9bdc0ddeb50f517452827d4a11bccf5937b213748b8"

[[package]]
name = "cranelift-entity"
version = "0.95.1"
source = "registry+https://github.com/rust-lang/crates.io-index"
checksum = "40099d38061b37e505e63f89bab52199037a72b931ad4868d9089ff7268660b0"
dependencies = [
 "serde",
]

[[package]]
name = "cranelift-frontend"
version = "0.95.1"
source = "registry+https://github.com/rust-lang/crates.io-index"
checksum = "64a25d9d0a0ae3079c463c34115ec59507b4707175454f0eee0891e83e30e82d"
dependencies = [
 "cranelift-codegen",
 "log",
 "smallvec",
 "target-lexicon",
]

[[package]]
name = "cranelift-isle"
version = "0.95.1"
source = "registry+https://github.com/rust-lang/crates.io-index"
checksum = "80de6a7d0486e4acbd5f9f87ec49912bf4c8fb6aea00087b989685460d4469ba"

[[package]]
name = "cranelift-native"
version = "0.95.1"
source = "registry+https://github.com/rust-lang/crates.io-index"
checksum = "bb6b03e0e03801c4b3fd8ce0758a94750c07a44e7944cc0ffbf0d3f2e7c79b00"
dependencies = [
 "cranelift-codegen",
 "libc",
 "target-lexicon",
]

[[package]]
name = "cranelift-wasm"
version = "0.95.1"
source = "registry+https://github.com/rust-lang/crates.io-index"
checksum = "ff3220489a3d928ad91e59dd7aeaa8b3de18afb554a6211213673a71c90737ac"
dependencies = [
 "cranelift-codegen",
 "cranelift-entity",
 "cranelift-frontend",
 "itertools",
 "log",
 "smallvec",
 "wasmparser",
 "wasmtime-types",
]

[[package]]
name = "crc32fast"
version = "1.4.2"
source = "registry+https://github.com/rust-lang/crates.io-index"
checksum = "a97769d94ddab943e4510d138150169a2758b5ef3eb191a9ee688de3e23ef7b3"
dependencies = [
 "cfg-if",
]

[[package]]
name = "either"
version = "1.13.0"
source = "registry+https://github.com/rust-lang/crates.io-index"
checksum = "60b1af1c220855b6ceac025d3f6ecdd2b7c4894bfe9cd9bda4fbb4bc7c0d4cf0"

[[package]]
name = "errno"
version = "0.3.9"
source = "registry+https://github.com/rust-lang/crates.io-index"
checksum = "534c5cf6194dfab3db3242765c03bbe257cf92f22b38f6bc0c58d59108a820ba"
dependencies = [
 "libc",
 "windows-sys 0.52.0",
]

[[package]]
name = "fallible-iterator"
version = "0.2.0"
source = "registry+https://github.com/rust-lang/crates.io-index"
checksum = "4443176a9f2c162692bd3d352d745ef9413eec5782a80d8fd6f8a1ac692a07f7"

[[package]]
name = "form_urlencoded"
version = "1.2.1"
source = "registry+https://github.com/rust-lang/crates.io-index"
checksum = "e13624c2627564efccf4934284bdd98cbaa14e79b0b5a141218e507b3a823456"
dependencies = [
 "percent-encoding",
]

[[package]]
name = "fxhash"
version = "0.2.1"
source = "registry+https://github.com/rust-lang/crates.io-index"
checksum = "c31b6d751ae2c7f11320402d34e41349dd1016f8d5d45e48c4312bc8625af50c"
dependencies = [
 "byteorder",
]

[[package]]
name = "getrandom"
version = "0.2.15"
source = "registry+https://github.com/rust-lang/crates.io-index"
checksum = "c4567c8db10ae91089c99af84c68c38da3ec2f087c3f82960bcdbf3656b6f4d7"
dependencies = [
 "cfg-if",
 "libc",
 "wasi",
]

[[package]]
name = "gimli"
version = "0.27.3"
source = "registry+https://github.com/rust-lang/crates.io-index"
checksum = "b6c80984affa11d98d1b88b66ac8853f143217b399d3c74116778ff8fdb4ed2e"
dependencies = [
 "fallible-iterator",
 "indexmap",
 "stable_deref_trait",
]

[[package]]
name = "hashbrown"
version = "0.12.3"
source = "registry+https://github.com/rust-lang/crates.io-index"
checksum = "8a9ee70c43aaf417c914396645a0fa852624801b24ebb7ae78fe8272889ac888"

[[package]]
name = "hashbrown"
version = "0.13.2"
source = "registry+https://github.com/rust-lang/crates.io-index"
checksum = "43a3c133739dddd0d2990f9a4bdf8eb4b21ef50e4851ca85ab661199821d510e"
dependencies = [
 "ahash",
]

[[package]]
name = "hermit-abi"
version = "0.3.9"
source = "registry+https://github.com/rust-lang/crates.io-index"
checksum = "d231dfb89cfffdbc30e7fc41579ed6066ad03abda9e567ccafae602b97ec5024"

[[package]]
name = "idna"
version = "0.5.0"
source = "registry+https://github.com/rust-lang/crates.io-index"
checksum = "634d9b1461af396cad843f47fdba5597a4f9e6ddd4bfb6ff5d85028c25cb12f6"
dependencies = [
 "unicode-bidi",
 "unicode-normalization",
]

[[package]]
name = "indexmap"
version = "1.9.3"
source = "registry+https://github.com/rust-lang/crates.io-index"
checksum = "bd070e393353796e801d209ad339e89596eb4c8d430d18ede6a1cced8fafbd99"
dependencies = [
 "autocfg",
 "hashbrown 0.12.3",
 "serde",
]

[[package]]
name = "io-lifetimes"
version = "1.0.11"
source = "registry+https://github.com/rust-lang/crates.io-index"
checksum = "eae7b9aee968036d54dce06cebaefd919e4472e753296daccd6d344e3e2df0c2"
dependencies = [
 "hermit-abi",
 "libc",
 "windows-sys 0.48.0",
]

[[package]]
name = "itertools"
version = "0.10.5"
source = "registry+https://github.com/rust-lang/crates.io-index"
checksum = "b0fd2260e829bddf4cb6ea802289de2f86d6a7a690192fbe91b3f46e0f2c8473"
dependencies = [
 "either",
]

[[package]]
name = "libc"
version = "0.2.159"
source = "registry+https://github.com/rust-lang/crates.io-index"
checksum = "561d97a539a36e26a9a5fad1ea11a3039a67714694aaa379433e580854bc3dc5"

[[package]]
name = "linux-raw-sys"
version = "0.1.4"
source = "registry+https://github.com/rust-lang/crates.io-index"
checksum = "f051f77a7c8e6957c0696eac88f26b0117e54f52d3fc682ab19397a8812846a4"

[[package]]
name = "linux-raw-sys"
version = "0.4.14"
source = "registry+https://github.com/rust-lang/crates.io-index"
checksum = "78b3ae25bc7c8c38cec158d1f2757ee79e9b3740fbc7ccf0e59e4b08d793fa89"

[[package]]
name = "log"
version = "0.4.22"
source = "registry+https://github.com/rust-lang/crates.io-index"
checksum = "a7a70ba024b9dc04c27ea2f0c0548feb474ec5c54bba33a7f72f873a39d07b24"

[[package]]
name = "mach"
version = "0.3.2"
source = "registry+https://github.com/rust-lang/crates.io-index"
checksum = "b823e83b2affd8f40a9ee8c29dbc56404c1e34cd2710921f2801e2cf29527afa"
dependencies = [
 "libc",
]

[[package]]
name = "memchr"
version = "2.7.4"
source = "registry+https://github.com/rust-lang/crates.io-index"
checksum = "78ca9ab1a0babb1e7d5695e3530886289c18cf2f87ec19a575a0abdce112e3a3"

[[package]]
name = "memfd"
version = "0.6.4"
source = "registry+https://github.com/rust-lang/crates.io-index"
checksum = "b2cffa4ad52c6f791f4f8b15f0c05f9824b2ced1160e88cc393d64fff9a8ac64"
dependencies = [
 "rustix 0.38.37",
]

[[package]]
name = "memoffset"
version = "0.8.0"
source = "registry+https://github.com/rust-lang/crates.io-index"
checksum = "d61c719bcfbcf5d62b3a09efa6088de8c54bc0bfcd3ea7ae39fcc186108b8de1"
dependencies = [
 "autocfg",
]

[[package]]
name = "object"
version = "0.30.4"
source = "registry+https://github.com/rust-lang/crates.io-index"
checksum = "03b4680b86d9cfafba8fc491dc9b6df26b68cf40e9e6cd73909194759a63c385"
dependencies = [
 "crc32fast",
 "hashbrown 0.13.2",
 "indexmap",
 "memchr",
]

[[package]]
name = "once_cell"
version = "1.20.2"
source = "registry+https://github.com/rust-lang/crates.io-index"
checksum = "1261fe7e33c73b354eab43b1273a57c8f967d0391e80353e51f764ac02cf6775"

[[package]]
name = "paste"
version = "1.0.15"
source = "registry+https://github.com/rust-lang/crates.io-index"
checksum = "57c0d7b74b563b49d38dae00a0c37d4d6de9b432382b2892f0574ddcae73fd0a"

[[package]]
name = "percent-encoding"
version = "2.3.1"
source = "registry+https://github.com/rust-lang/crates.io-index"
checksum = "e3148f5046208a5d56bcfc03053e3ca6334e51da8dfb19b6cdc8b306fae3283e"

[[package]]
name = "ppv-lite86"
version = "0.2.20"
source = "registry+https://github.com/rust-lang/crates.io-index"
checksum = "77957b295656769bb8ad2b6a6b09d897d94f05c41b069aede1fcdaa675eaea04"
dependencies = [
 "zerocopy",
]

[[package]]
name = "proc-macro2"
version = "1.0.87"
source = "registry+https://github.com/rust-lang/crates.io-index"
checksum = "b3e4daa0dcf6feba26f985457cdf104d4b4256fc5a09547140f3631bb076b19a"
dependencies = [
 "unicode-ident",
]

[[package]]
name = "psm"
version = "0.1.23"
source = "registry+https://github.com/rust-lang/crates.io-index"
checksum = "aa37f80ca58604976033fae9515a8a2989fc13797d953f7c04fb8fa36a11f205"
dependencies = [
 "cc",
]

[[package]]
name = "quote"
version = "1.0.37"
source = "registry+https://github.com/rust-lang/crates.io-index"
checksum = "b5b9d34b8991d19d98081b46eacdd8eb58c6f2b201139f7c5f643cc155a633af"
dependencies = [
 "proc-macro2",
]

[[package]]
name = "rand"
version = "0.8.5"
source = "registry+https://github.com/rust-lang/crates.io-index"
checksum = "34af8d1a0e25924bc5b7c43c079c942339d8f0a8b57c39049bef581b46327404"
dependencies = [
 "libc",
 "rand_chacha",
 "rand_core",
]

[[package]]
name = "rand_chacha"
version = "0.3.1"
source = "registry+https://github.com/rust-lang/crates.io-index"
checksum = "e6c10a63a0fa32252be49d21e7709d4d4baf8d231c2dbce1eaa8141b9b127d88"
dependencies = [
 "ppv-lite86",
 "rand_core",
]

[[package]]
name = "rand_core"
version = "0.6.4"
source = "registry+https://github.com/rust-lang/crates.io-index"
checksum = "ec0be4795e2f6a28069bec0b5ff3e2ac9bafc99e6a9a7dc3547996c5c816922c"
dependencies = [
 "getrandom",
]

[[package]]
name = "regalloc2"
version = "0.6.1"
source = "registry+https://github.com/rust-lang/crates.io-index"
checksum = "80535183cae11b149d618fbd3c37e38d7cda589d82d7769e196ca9a9042d7621"
dependencies = [
 "fxhash",
 "log",
 "slice-group-by",
 "smallvec",
]

[[package]]
name = "rustc-demangle"
version = "0.1.24"
source = "registry+https://github.com/rust-lang/crates.io-index"
checksum = "719b953e2095829ee67db738b3bfa9fa368c94900df327b3f07fe6e794d2fe1f"

[[package]]
name = "rustix"
version = "0.36.17"
source = "registry+https://github.com/rust-lang/crates.io-index"
checksum = "305efbd14fde4139eb501df5f136994bb520b033fa9fbdce287507dc23b8c7ed"
dependencies = [
 "bitflags 1.3.2",
 "errno",
 "io-lifetimes",
 "libc",
 "linux-raw-sys 0.1.4",
 "windows-sys 0.45.0",
]

[[package]]
name = "rustix"
version = "0.38.37"
source = "registry+https://github.com/rust-lang/crates.io-index"
checksum = "8acb788b847c24f28525660c4d7758620a7210875711f79e7f663cc152726811"
dependencies = [
 "bitflags 2.6.0",
 "errno",
 "libc",
 "linux-raw-sys 0.4.14",
 "windows-sys 0.52.0",
]

[[package]]
name = "serde"
version = "1.0.210"
source = "registry+https://github.com/rust-lang/crates.io-index"
checksum = "c8e3592472072e6e22e0a54d5904d9febf8508f65fb8552499a1abc7d1078c3a"
dependencies = [
 "serde_derive",
]

[[package]]
name = "serde_derive"
version = "1.0.210"
source = "registry+https://github.com/rust-lang/crates.io-index"
checksum = "243902eda00fad750862fc144cea25caca5e20d615af0a81bee94ca738f1df1f"
dependencies = [
 "proc-macro2",
 "quote",
 "syn",
]

[[package]]
name = "shlex"
version = "1.3.0"
source = "registry+https://github.com/rust-lang/crates.io-index"
checksum = "0fda2ff0d084019ba4d7c6f371c95d8fd75ce3524c3cb8fb653a3023f6323e64"

[[package]]
name = "slice-group-by"
version = "0.3.1"
source = "registry+https://github.com/rust-lang/crates.io-index"
checksum = "826167069c09b99d56f31e9ae5c99049e932a98c9dc2dac47645b08dbbf76ba7"

[[package]]
name = "smallvec"
version = "1.13.2"
source = "registry+https://github.com/rust-lang/crates.io-index"
checksum = "3c5e1a9a646d36c3599cd173a41282daf47c44583ad367b8e6837255952e5c67"

[[package]]
name = "stable_deref_trait"
version = "1.2.0"
source = "registry+https://github.com/rust-lang/crates.io-index"
checksum = "a8f112729512f8e442d81f95a8a7ddf2b7c6b8a1a6f509a95864142b30cab2d3"

[[package]]
name = "syn"
version = "2.0.79"
source = "registry+https://github.com/rust-lang/crates.io-index"
checksum = "89132cd0bf050864e1d38dc3bbc07a0eb8e7530af26344d3d2bbbef83499f590"
dependencies = [
 "proc-macro2",
 "quote",
 "unicode-ident",
]

[[package]]
name = "target-lexicon"
version = "0.12.16"
source = "registry+https://github.com/rust-lang/crates.io-index"
checksum = "61c41af27dd6d1e27b1b16b489db798443478cef1f06a660c96db617ba5de3b1"

[[package]]
name = "test-wasm"
version = "0.1.0"
dependencies = [
 "wasmtime",
]

[[package]]
name = "thiserror"
version = "1.0.64"
source = "registry+https://github.com/rust-lang/crates.io-index"
checksum = "d50af8abc119fb8bb6dbabcfa89656f46f84aa0ac7688088608076ad2b459a84"
dependencies = [
 "thiserror-impl",
]

[[package]]
name = "thiserror-impl"
version = "1.0.64"
source = "registry+https://github.com/rust-lang/crates.io-index"
checksum = "08904e7672f5eb876eaaf87e0ce17857500934f4981c4a0ab2b4aa98baac7fc3"
dependencies = [
 "proc-macro2",
 "quote",
 "syn",
]

[[package]]
name = "tinyvec"
version = "1.8.0"
source = "registry+https://github.com/rust-lang/crates.io-index"
checksum = "445e881f4f6d382d5f27c034e25eb92edd7c784ceab92a0937db7f2e9471b938"
dependencies = [
 "tinyvec_macros",
]

[[package]]
name = "tinyvec_macros"
version = "0.1.1"
source = "registry+https://github.com/rust-lang/crates.io-index"
checksum = "1f3ccbac311fea05f86f61904b462b55fb3df8837a366dfc601a0161d0532f20"

[[package]]
name = "unicode-bidi"
version = "0.3.17"
source = "registry+https://github.com/rust-lang/crates.io-index"
checksum = "5ab17db44d7388991a428b2ee655ce0c212e862eff1768a455c58f9aad6e7893"

[[package]]
name = "unicode-ident"
version = "1.0.13"
source = "registry+https://github.com/rust-lang/crates.io-index"
checksum = "e91b56cd4cadaeb79bbf1a5645f6b4f8dc5bde8834ad5894a8db35fda9efa1fe"

[[package]]
name = "unicode-normalization"
version = "0.1.24"
source = "registry+https://github.com/rust-lang/crates.io-index"
checksum = "5033c97c4262335cded6d6fc3e5c18ab755e1a3dc96376350f3d8e9f009ad956"
dependencies = [
 "tinyvec",
]

[[package]]
name = "url"
version = "2.5.2"
source = "registry+https://github.com/rust-lang/crates.io-index"
checksum = "22784dbdf76fdde8af1aeda5622b546b422b6fc585325248a2bf9f5e41e94d6c"
dependencies = [
 "form_urlencoded",
 "idna",
 "percent-encoding",
]

[[package]]
name = "version_check"
version = "0.9.5"
source = "registry+https://github.com/rust-lang/crates.io-index"
checksum = "0b928f33d975fc6ad9f86c8f283853ad26bdd5b10b7f1542aa2fa15e2289105a"

[[package]]
name = "wasi"
version = "0.11.0+wasi-snapshot-preview1"
source = "registry+https://github.com/rust-lang/crates.io-index"
checksum = "9c8d87e72b64a3b4db28d11ce29237c246188f4f51057d65a7eab63b7987e423"

[[package]]
name = "wasmparser"
version = "0.102.0"
source = "registry+https://github.com/rust-lang/crates.io-index"
checksum = "48134de3d7598219ab9eaf6b91b15d8e50d31da76b8519fe4ecfcec2cf35104b"
dependencies = [
 "indexmap",
 "url",
]

[[package]]
name = "wasmtime"
version = "8.0.1"
source = "registry+https://github.com/rust-lang/crates.io-index"
checksum = "f907fdead3153cb9bfb7a93bbd5b62629472dc06dee83605358c64c52ed3dda9"
dependencies = [
 "anyhow",
 "bincode",
 "cfg-if",
 "indexmap",
 "libc",
 "log",
 "object",
 "once_cell",
 "paste",
 "psm",
 "serde",
 "target-lexicon",
 "wasmparser",
 "wasmtime-cranelift",
 "wasmtime-environ",
 "wasmtime-jit",
 "wasmtime-runtime",
 "windows-sys 0.45.0",
]

[[package]]
name = "wasmtime-asm-macros"
version = "8.0.1"
source = "registry+https://github.com/rust-lang/crates.io-index"
checksum = "d3b9daa7c14cd4fa3edbf69de994408d5f4b7b0959ac13fa69d465f6597f810d"
dependencies = [
 "cfg-if",
]

[[package]]
name = "wasmtime-cranelift"
version = "8.0.1"
source = "registry+https://github.com/rust-lang/crates.io-index"
checksum = "b1cefde0cce8cb700b1b21b6298a3837dba46521affd7b8c38a9ee2c869eee04"
dependencies = [
 "anyhow",
 "cranelift-codegen",
 "cranelift-entity",
 "cranelift-frontend",
 "cranelift-native",
 "cranelift-wasm",
 "gimli",
 "log",
 "object",
 "target-lexicon",
 "thiserror",
 "wasmparser",
 "wasmtime-cranelift-shared",
 "wasmtime-environ",
]

[[package]]
name = "wasmtime-cranelift-shared"
version = "8.0.1"
source = "registry+https://github.com/rust-lang/crates.io-index"
checksum = "cd041e382ef5aea1b9fc78442394f1a4f6d676ce457e7076ca4cb3f397882f8b"
dependencies = [
 "anyhow",
 "cranelift-codegen",
 "cranelift-native",
 "gimli",
 "object",
 "target-lexicon",
 "wasmtime-environ",
]

[[package]]
name = "wasmtime-environ"
version = "8.0.1"
source = "registry+https://github.com/rust-lang/crates.io-index"
checksum = "a990198cee4197423045235bf89d3359e69bd2ea031005f4c2d901125955c949"
dependencies = [
 "anyhow",
 "cranelift-entity",
 "gimli",
 "indexmap",
 "log",
 "object",
 "serde",
 "target-lexicon",
 "thiserror",
 "wasmparser",
 "wasmtime-types",
]

[[package]]
name = "wasmtime-jit"
version = "8.0.1"
source = "registry+https://github.com/rust-lang/crates.io-index"
checksum = "0de48df552cfca1c9b750002d3e07b45772dd033b0b206d5c0968496abf31244"
dependencies = [
 "addr2line",
 "anyhow",
 "bincode",
 "cfg-if",
 "cpp_demangle",
 "gimli",
 "log",
 "object",
 "rustc-demangle",
 "serde",
 "target-lexicon",
 "wasmtime-environ",
 "wasmtime-jit-icache-coherence",
 "wasmtime-runtime",
 "windows-sys 0.45.0",
]

[[package]]
name = "wasmtime-jit-debug"
version = "8.0.1"
source = "registry+https://github.com/rust-lang/crates.io-index"
checksum = "6e0554b84c15a27d76281d06838aed94e13a77d7bf604bbbaf548aa20eb93846"
dependencies = [
 "once_cell",
]

[[package]]
name = "wasmtime-jit-icache-coherence"
version = "8.0.1"
source = "registry+https://github.com/rust-lang/crates.io-index"
checksum = "aecae978b13f7f67efb23bd827373ace4578f2137ec110bbf6a4a7cde4121bbd"
dependencies = [
 "cfg-if",
 "libc",
 "windows-sys 0.45.0",
]

[[package]]
name = "wasmtime-runtime"
version = "8.0.1"
source = "registry+https://github.com/rust-lang/crates.io-index"
checksum = "658cf6f325232b6760e202e5255d823da5e348fdea827eff0a2a22319000b441"
dependencies = [
 "anyhow",
 "cc",
 "cfg-if",
 "indexmap",
 "libc",
 "log",
 "mach",
 "memfd",
 "memoffset",
 "paste",
 "rand",
 "rustix 0.36.17",
 "wasmtime-asm-macros",
 "wasmtime-environ",
 "wasmtime-jit-debug",
 "windows-sys 0.45.0",
]

[[package]]
name = "wasmtime-types"
version = "8.0.1"
source = "registry+https://github.com/rust-lang/crates.io-index"
checksum = "a4f6fffd2a1011887d57f07654dd112791e872e3ff4a2e626aee8059ee17f06f"
dependencies = [
 "cranelift-entity",
 "serde",
 "thiserror",
 "wasmparser",
]

[[package]]
name = "windows-sys"
version = "0.45.0"
source = "registry+https://github.com/rust-lang/crates.io-index"
checksum = "75283be5efb2831d37ea142365f009c02ec203cd29a3ebecbc093d52315b66d0"
dependencies = [
 "windows-targets 0.42.2",
]

[[package]]
name = "windows-sys"
version = "0.48.0"
source = "registry+https://github.com/rust-lang/crates.io-index"
checksum = "677d2418bec65e3338edb076e806bc1ec15693c5d0104683f2efe857f61056a9"
dependencies = [
 "windows-targets 0.48.5",
]

[[package]]
name = "windows-sys"
version = "0.52.0"
source = "registry+https://github.com/rust-lang/crates.io-index"
checksum = "282be5f36a8ce781fad8c8ae18fa3f9beff57ec1b52cb3de0789201425d9a33d"
dependencies = [
 "windows-targets 0.52.6",
]

[[package]]
name = "windows-targets"
version = "0.42.2"
source = "registry+https://github.com/rust-lang/crates.io-index"
checksum = "8e5180c00cd44c9b1c88adb3693291f1cd93605ded80c250a75d472756b4d071"
dependencies = [
 "windows_aarch64_gnullvm 0.42.2",
 "windows_aarch64_msvc 0.42.2",
 "windows_i686_gnu 0.42.2",
 "windows_i686_msvc 0.42.2",
 "windows_x86_64_gnu 0.42.2",
 "windows_x86_64_gnullvm 0.42.2",
 "windows_x86_64_msvc 0.42.2",
]

[[package]]
name = "windows-targets"
version = "0.48.5"
source = "registry+https://github.com/rust-lang/crates.io-index"
checksum = "9a2fa6e2155d7247be68c096456083145c183cbbbc2764150dda45a87197940c"
dependencies = [
 "windows_aarch64_gnullvm 0.48.5",
 "windows_aarch64_msvc 0.48.5",
 "windows_i686_gnu 0.48.5",
 "windows_i686_msvc 0.48.5",
 "windows_x86_64_gnu 0.48.5",
 "windows_x86_64_gnullvm 0.48.5",
 "windows_x86_64_msvc 0.48.5",
]

[[package]]
name = "windows-targets"
version = "0.52.6"
source = "registry+https://github.com/rust-lang/crates.io-index"
checksum = "9b724f72796e036ab90c1021d4780d4d3d648aca59e491e6b98e725b84e99973"
dependencies = [
 "windows_aarch64_gnullvm 0.52.6",
 "windows_aarch64_msvc 0.52.6",
 "windows_i686_gnu 0.52.6",
 "windows_i686_gnullvm",
 "windows_i686_msvc 0.52.6",
 "windows_x86_64_gnu 0.52.6",
 "windows_x86_64_gnullvm 0.52.6",
 "windows_x86_64_msvc 0.52.6",
]

[[package]]
name = "windows_aarch64_gnullvm"
version = "0.42.2"
source = "registry+https://github.com/rust-lang/crates.io-index"
checksum = "597a5118570b68bc08d8d59125332c54f1ba9d9adeedeef5b99b02ba2b0698f8"

[[package]]
name = "windows_aarch64_gnullvm"
version = "0.48.5"
source = "registry+https://github.com/rust-lang/crates.io-index"
checksum = "2b38e32f0abccf9987a4e3079dfb67dcd799fb61361e53e2882c3cbaf0d905d8"

[[package]]
name = "windows_aarch64_gnullvm"
version = "0.52.6"
source = "registry+https://github.com/rust-lang/crates.io-index"
checksum = "32a4622180e7a0ec044bb555404c800bc9fd9ec262ec147edd5989ccd0c02cd3"

[[package]]
name = "windows_aarch64_msvc"
version = "0.42.2"
source = "registry+https://github.com/rust-lang/crates.io-index"
checksum = "e08e8864a60f06ef0d0ff4ba04124db8b0fb3be5776a5cd47641e942e58c4d43"

[[package]]
name = "windows_aarch64_msvc"
version = "0.48.5"
source = "registry+https://github.com/rust-lang/crates.io-index"
checksum = "dc35310971f3b2dbbf3f0690a219f40e2d9afcf64f9ab7cc1be722937c26b4bc"

[[package]]
name = "windows_aarch64_msvc"
version = "0.52.6"
source = "registry+https://github.com/rust-lang/crates.io-index"
checksum = "09ec2a7bb152e2252b53fa7803150007879548bc709c039df7627cabbd05d469"

[[package]]
name = "windows_i686_gnu"
version = "0.42.2"
source = "registry+https://github.com/rust-lang/crates.io-index"
checksum = "c61d927d8da41da96a81f029489353e68739737d3beca43145c8afec9a31a84f"

[[package]]
name = "windows_i686_gnu"
version = "0.48.5"
source = "registry+https://github.com/rust-lang/crates.io-index"
checksum = "a75915e7def60c94dcef72200b9a8e58e5091744960da64ec734a6c6e9b3743e"

[[package]]
name = "windows_i686_gnu"
version = "0.52.6"
source = "registry+https://github.com/rust-lang/crates.io-index"
checksum = "8e9b5ad5ab802e97eb8e295ac6720e509ee4c243f69d781394014ebfe8bbfa0b"

[[package]]
name = "windows_i686_gnullvm"
version = "0.52.6"
source = "registry+https://github.com/rust-lang/crates.io-index"
checksum = "0eee52d38c090b3caa76c563b86c3a4bd71ef1a819287c19d586d7334ae8ed66"

[[package]]
name = "windows_i686_msvc"
version = "0.42.2"
source = "registry+https://github.com/rust-lang/crates.io-index"
checksum = "44d840b6ec649f480a41c8d80f9c65108b92d89345dd94027bfe06ac444d1060"

[[package]]
name = "windows_i686_msvc"
version = "0.48.5"
source = "registry+https://github.com/rust-lang/crates.io-index"
checksum = "8f55c233f70c4b27f66c523580f78f1004e8b5a8b659e05a4eb49d4166cca406"

[[package]]
name = "windows_i686_msvc"
version = "0.52.6"
source = "registry+https://github.com/rust-lang/crates.io-index"
checksum = "240948bc05c5e7c6dabba28bf89d89ffce3e303022809e73deaefe4f6ec56c66"

[[package]]
name = "windows_x86_64_gnu"
version = "0.42.2"
source = "registry+https://github.com/rust-lang/crates.io-index"
checksum = "8de912b8b8feb55c064867cf047dda097f92d51efad5b491dfb98f6bbb70cb36"

[[package]]
name = "windows_x86_64_gnu"
version = "0.48.5"
source = "registry+https://github.com/rust-lang/crates.io-index"
checksum = "53d40abd2583d23e4718fddf1ebec84dbff8381c07cae67ff7768bbf19c6718e"

[[package]]
name = "windows_x86_64_gnu"
version = "0.52.6"
source = "registry+https://github.com/rust-lang/crates.io-index"
checksum = "147a5c80aabfbf0c7d901cb5895d1de30ef2907eb21fbbab29ca94c5b08b1a78"

[[package]]
name = "windows_x86_64_gnullvm"
version = "0.42.2"
source = "registry+https://github.com/rust-lang/crates.io-index"
checksum = "26d41b46a36d453748aedef1486d5c7a85db22e56aff34643984ea85514e94a3"

[[package]]
name = "windows_x86_64_gnullvm"
version = "0.48.5"
source = "registry+https://github.com/rust-lang/crates.io-index"
checksum = "0b7b52767868a23d5bab768e390dc5f5c55825b6d30b86c844ff2dc7414044cc"

[[package]]
name = "windows_x86_64_gnullvm"
version = "0.52.6"
source = "registry+https://github.com/rust-lang/crates.io-index"
checksum = "24d5b23dc417412679681396f2b49f3de8c1473deb516bd34410872eff51ed0d"

[[package]]
name = "windows_x86_64_msvc"
version = "0.42.2"
source = "registry+https://github.com/rust-lang/crates.io-index"
checksum = "9aec5da331524158c6d1a4ac0ab1541149c0b9505fde06423b02f5ef0106b9f0"

[[package]]
name = "windows_x86_64_msvc"
version = "0.48.5"
source = "registry+https://github.com/rust-lang/crates.io-index"
checksum = "ed94fce61571a4006852b7389a063ab983c02eb1bb37b47f8272ce92d06d9538"

[[package]]
name = "windows_x86_64_msvc"
version = "0.52.6"
source = "registry+https://github.com/rust-lang/crates.io-index"
checksum = "589f6da84c646204747d1270a2a5661ea66ed1cced2631d546fdfb155959f9ec"

[[package]]
name = "zerocopy"
version = "0.7.35"
source = "registry+https://github.com/rust-lang/crates.io-index"
checksum = "1b9b4fd18abc82b8136838da5d50bae7bdea537c574d8dc1a34ed098d6c166f0"
dependencies = [
 "byteorder",
 "zerocopy-derive",
]

[[package]]
name = "zerocopy-derive"
version = "0.7.35"
source = "registry+https://github.com/rust-lang/crates.io-index"
checksum = "fa4f8080344d4671fb4e831a13ad1e68092748387dfc4f55e356242fae12ce3e"
dependencies = [
 "proc-macro2",
 "quote",
 "syn",
]
